
Microsoft Visual Studio Solution File, Format Version 12.00
# Visual Studio Version 17
VisualStudioVersion = 17.3.32819.101
MinimumVisualStudioVersion = 10.0.40219.1
Project("{FAE04EC0-301F-11D3-BF4B-00C04F79EFBC}") = "Hopfield Network", "Hopfield Network\Hopfield Network.csproj", "{0DE52338-DC00-45B6-894D-8EC59EF7B0A3}"
EndProject
Global
	GlobalSection(SolutionConfigurationPlatforms) = preSolution
		Debug|Any CPU = Debug|Any CPU
		Release|Any CPU = Release|Any CPU
	EndGlobalSection
	GlobalSection(ProjectConfigurationPlatforms) = postSolution
		{0DE52338-DC00-45B6-894D-8EC59EF7B0A3}.Debug|Any CPU.ActiveCfg = Debug|Any CPU
		{0DE52338-DC00-45B6-894D-8EC59EF7B0A3}.Debug|Any CPU.Build.0 = Debug|Any CPU
		{0DE52338-DC00-45B6-894D-8EC59EF7B0A3}.Release|Any CPU.ActiveCfg = Release|Any CPU
		{0DE52338-DC00-45B6-894D-8EC59EF7B0A3}.Release|Any CPU.Build.0 = Release|Any CPU
	EndGlobalSection
	GlobalSection(SolutionProperties) = preSolution
		HideSolutionNode = FALSE
	EndGlobalSection
	GlobalSection(ExtensibilityGlobals) = postSolution
		SolutionGuid = {661C459A-3776-4FBB-AEC9-1C4432AA17AC}
	EndGlobalSection
EndGlobal
